// !$*UTF8*$!
{
	archiveVersion = 1;
	classes = {
	};
	objectVersion = 56;
	objects = {

/* Begin PBXBuildFile section */
		BC671B072BA1AAD400F9E4B2 /* NaiveHostsApp.swift in Sources */ = {isa = PBXBuildFile; fileRef = BC671B062BA1AAD400F9E4B2 /* NaiveHostsApp.swift */; };
		BC671B092BA1AAD400F9E4B2 /* ContentView.swift in Sources */ = {isa = PBXBuildFile; fileRef = BC671B082BA1AAD400F9E4B2 /* ContentView.swift */; };
		BC671B0B2BA1AAD400F9E4B2 /* Item.swift in Sources */ = {isa = PBXBuildFile; fileRef = BC671B0A2BA1AAD400F9E4B2 /* Item.swift */; };
		BC671B0D2BA1AAD400F9E4B2 /* Assets.xcassets in Resources */ = {isa = PBXBuildFile; fileRef = BC671B0C2BA1AAD400F9E4B2 /* Assets.xcassets */; };
		BC671B102BA1AAD400F9E4B2 /* Preview Assets.xcassets in Resources */ = {isa = PBXBuildFile; fileRef = BC671B0F2BA1AAD400F9E4B2 /* Preview Assets.xcassets */; };
		BC671B1B2BA1AAD400F9E4B2 /* NaiveHostsTests.swift in Sources */ = {isa = PBXBuildFile; fileRef = BC671B1A2BA1AAD400F9E4B2 /* NaiveHostsTests.swift */; };
		BC671B252BA1AAD400F9E4B2 /* NaiveHostsUITests.swift in Sources */ = {isa = PBXBuildFile; fileRef = BC671B242BA1AAD400F9E4B2 /* NaiveHostsUITests.swift */; };
		BC671B272BA1AAD400F9E4B2 /* NaiveHostsUITestsLaunchTests.swift in Sources */ = {isa = PBXBuildFile; fileRef = BC671B262BA1AAD400F9E4B2 /* NaiveHostsUITestsLaunchTests.swift */; };
/* End PBXBuildFile section */

/* Begin PBXContainerItemProxy section */
		BC671B172BA1AAD400F9E4B2 /* PBXContainerItemProxy */ = {
			isa = PBXContainerItemProxy;
			containerPortal = BC671AFB2BA1AAD400F9E4B2 /* Project object */;
			proxyType = 1;
			remoteGlobalIDString = BC671B022BA1AAD400F9E4B2;
			remoteInfo = NaiveHosts;
		};
		BC671B212BA1AAD400F9E4B2 /* PBXContainerItemProxy */ = {
			isa = PBXContainerItemProxy;
			containerPortal = BC671AFB2BA1AAD400F9E4B2 /* Project object */;
			proxyType = 1;
			remoteGlobalIDString = BC671B022BA1AAD400F9E4B2;
			remoteInfo = NaiveHosts;
		};
/* End PBXContainerItemProxy section */

/* Begin PBXFileReference section */
		BC671B032BA1AAD400F9E4B2 /* NaiveHosts.app */ = {isa = PBXFileReference; explicitFileType = wrapper.application; includeInIndex = 0; path = NaiveHosts.app; sourceTree = BUILT_PRODUCTS_DIR; };
		BC671B062BA1AAD400F9E4B2 /* NaiveHostsApp.swift */ = {isa = PBXFileReference; lastKnownFileType = sourcecode.swift; path = NaiveHostsApp.swift; sourceTree = "<group>"; };
		BC671B082BA1AAD400F9E4B2 /* ContentView.swift */ = {isa = PBXFileReference; lastKnownFileType = sourcecode.swift; path = ContentView.swift; sourceTree = "<group>"; };
		BC671B0A2BA1AAD400F9E4B2 /* Item.swift */ = {isa = PBXFileReference; lastKnownFileType = sourcecode.swift; path = Item.swift; sourceTree = "<group>"; };
		BC671B0C2BA1AAD400F9E4B2 /* Assets.xcassets */ = {isa = PBXFileReference; lastKnownFileType = folder.assetcatalog; path = Assets.xcassets; sourceTree = "<group>"; };
		BC671B0F2BA1AAD400F9E4B2 /* Preview Assets.xcassets */ = {isa = PBXFileReference; lastKnownFileType = folder.assetcatalog; path = "Preview Assets.xcassets"; sourceTree = "<group>"; };
		BC671B112BA1AAD400F9E4B2 /* NaiveHosts.entitlements */ = {isa = PBXFileReference; lastKnownFileType = text.plist.entitlements; path = NaiveHosts.entitlements; sourceTree = "<group>"; };
		BC671B162BA1AAD400F9E4B2 /* NaiveHostsTests.xctest */ = {isa = PBXFileReference; explicitFileType = wrapper.cfbundle; includeInIndex = 0; path = NaiveHostsTests.xctest; sourceTree = BUILT_PRODUCTS_DIR; };
		BC671B1A2BA1AAD400F9E4B2 /* NaiveHostsTests.swift */ = {isa = PBXFileReference; lastKnownFileType = sourcecode.swift; path = NaiveHostsTests.swift; sourceTree = "<group>"; };
		BC671B202BA1AAD400F9E4B2 /* NaiveHostsUITests.xctest */ = {isa = PBXFileReference; explicitFileType = wrapper.cfbundle; includeInIndex = 0; path = NaiveHostsUITests.xctest; sourceTree = BUILT_PRODUCTS_DIR; };
		BC671B242BA1AAD400F9E4B2 /* NaiveHostsUITests.swift */ = {isa = PBXFileReference; lastKnownFileType = sourcecode.swift; path = NaiveHostsUITests.swift; sourceTree = "<group>"; };
		BC671B262BA1AAD400F9E4B2 /* NaiveHostsUITestsLaunchTests.swift */ = {isa = PBXFileReference; lastKnownFileType = sourcecode.swift; path = NaiveHostsUITestsLaunchTests.swift; sourceTree = "<group>"; };
/* End PBXFileReference section */

/* Begin PBXFrameworksBuildPhase section */
		BC671B002BA1AAD400F9E4B2 /* Frameworks */ = {
			isa = PBXFrameworksBuildPhase;
			buildActionMask = 2147483647;
			files = (
			);
			runOnlyForDeploymentPostprocessing = 0;
		};
		BC671B132BA1AAD400F9E4B2 /* Frameworks */ = {
			isa = PBXFrameworksBuildPhase;
			buildActionMask = 2147483647;
			files = (
			);
			runOnlyForDeploymentPostprocessing = 0;
		};
		BC671B1D2BA1AAD400F9E4B2 /* Frameworks */ = {
			isa = PBXFrameworksBuildPhase;
			buildActionMask = 2147483647;
			files = (
			);
			runOnlyForDeploymentPostprocessing = 0;
		};
/* End PBXFrameworksBuildPhase section */

/* Begin PBXGroup section */
		BC671AFA2BA1AAD400F9E4B2 = {
			isa = PBXGroup;
			children = (
				BC671B052BA1AAD400F9E4B2 /* NaiveHosts */,
				BC671B192BA1AAD400F9E4B2 /* NaiveHostsTests */,
				BC671B232BA1AAD400F9E4B2 /* NaiveHostsUITests */,
				BC671B042BA1AAD400F9E4B2 /* Products */,
			);
			sourceTree = "<group>";
		};
		BC671B042BA1AAD400F9E4B2 /* Products */ = {
			isa = PBXGroup;
			children = (
				BC671B032BA1AAD400F9E4B2 /* NaiveHosts.app */,
				BC671B162BA1AAD400F9E4B2 /* NaiveHostsTests.xctest */,
				BC671B202BA1AAD400F9E4B2 /* NaiveHostsUITests.xctest */,
			);
			name = Products;
			sourceTree = "<group>";
		};
		BC671B052BA1AAD400F9E4B2 /* NaiveHosts */ = {
			isa = PBXGroup;
			children = (
				BC671B062BA1AAD400F9E4B2 /* NaiveHostsApp.swift */,
				BC671B082BA1AAD400F9E4B2 /* ContentView.swift */,
				BC671B0A2BA1AAD400F9E4B2 /* Item.swift */,
				BC671B0C2BA1AAD400F9E4B2 /* Assets.xcassets */,
				BC671B112BA1AAD400F9E4B2 /* NaiveHosts.entitlements */,
				BC671B0E2BA1AAD400F9E4B2 /* Preview Content */,
			);
			path = NaiveHosts;
			sourceTree = "<group>";
		};
		BC671B0E2BA1AAD400F9E4B2 /* Preview Content */ = {
			isa = PBXGroup;
			children = (
				BC671B0F2BA1AAD400F9E4B2 /* Preview Assets.xcassets */,
			);
			path = "Preview Content";
			sourceTree = "<group>";
		};
		BC671B192BA1AAD400F9E4B2 /* NaiveHostsTests */ = {
			isa = PBXGroup;
			children = (
				BC671B1A2BA1AAD400F9E4B2 /* NaiveHostsTests.swift */,
			);
			path = NaiveHostsTests;
			sourceTree = "<group>";
		};
		BC671B232BA1AAD400F9E4B2 /* NaiveHostsUITests */ = {
			isa = PBXGroup;
			children = (
				BC671B242BA1AAD400F9E4B2 /* NaiveHostsUITests.swift */,
				BC671B262BA1AAD400F9E4B2 /* NaiveHostsUITestsLaunchTests.swift */,
			);
			path = NaiveHostsUITests;
			sourceTree = "<group>";
		};
/* End PBXGroup section */

/* Begin PBXNativeTarget section */
		BC671B022BA1AAD400F9E4B2 /* NaiveHosts */ = {
			isa = PBXNativeTarget;
			buildConfigurationList = BC671B2A2BA1AAD400F9E4B2 /* Build configuration list for PBXNativeTarget "NaiveHosts" */;
			buildPhases = (
				BC671AFF2BA1AAD400F9E4B2 /* Sources */,
				BC671B002BA1AAD400F9E4B2 /* Frameworks */,
				BC671B012BA1AAD400F9E4B2 /* Resources */,
			);
			buildRules = (
			);
			dependencies = (
			);
			name = NaiveHosts;
			productName = NaiveHosts;
			productReference = BC671B032BA1AAD400F9E4B2 /* NaiveHosts.app */;
			productType = "com.apple.product-type.application";
		};
		BC671B152BA1AAD400F9E4B2 /* NaiveHostsTests */ = {
			isa = PBXNativeTarget;
			buildConfigurationList = BC671B2D2BA1AAD400F9E4B2 /* Build configuration list for PBXNativeTarget "NaiveHostsTests" */;
			buildPhases = (
				BC671B122BA1AAD400F9E4B2 /* Sources */,
				BC671B132BA1AAD400F9E4B2 /* Frameworks */,
				BC671B142BA1AAD400F9E4B2 /* Resources */,
			);
			buildRules = (
			);
			dependencies = (
				BC671B182BA1AAD400F9E4B2 /* PBXTargetDependency */,
			);
			name = NaiveHostsTests;
			productName = NaiveHostsTests;
			productReference = BC671B162BA1AAD400F9E4B2 /* NaiveHostsTests.xctest */;
			productType = "com.apple.product-type.bundle.unit-test";
		};
		BC671B1F2BA1AAD400F9E4B2 /* NaiveHostsUITests */ = {
			isa = PBXNativeTarget;
			buildConfigurationList = BC671B302BA1AAD400F9E4B2 /* Build configuration list for PBXNativeTarget "NaiveHostsUITests" */;
			buildPhases = (
				BC671B1C2BA1AAD400F9E4B2 /* Sources */,
				BC671B1D2BA1AAD400F9E4B2 /* Frameworks */,
				BC671B1E2BA1AAD400F9E4B2 /* Resources */,
			);
			buildRules = (
			);
			dependencies = (
				BC671B222BA1AAD400F9E4B2 /* PBXTargetDependency */,
			);
			name = NaiveHostsUITests;
			productName = NaiveHostsUITests;
			productReference = BC671B202BA1AAD400F9E4B2 /* NaiveHostsUITests.xctest */;
			productType = "com.apple.product-type.bundle.ui-testing";
		};
/* End PBXNativeTarget section */

/* Begin PBXProject section */
		BC671AFB2BA1AAD400F9E4B2 /* Project object */ = {
			isa = PBXProject;
			attributes = {
				BuildIndependentTargetsInParallel = 1;
				LastSwiftUpdateCheck = 1530;
				LastUpgradeCheck = 1530;
				TargetAttributes = {
					BC671B022BA1AAD400F9E4B2 = {
						CreatedOnToolsVersion = 15.3;
					};
					BC671B152BA1AAD400F9E4B2 = {
						CreatedOnToolsVersion = 15.3;
						TestTargetID = BC671B022BA1AAD400F9E4B2;
					};
					BC671B1F2BA1AAD400F9E4B2 = {
						CreatedOnToolsVersion = 15.3;
						TestTargetID = BC671B022BA1AAD400F9E4B2;
					};
				};
			};
			buildConfigurationList = BC671AFE2BA1AAD400F9E4B2 /* Build configuration list for PBXProject "NaiveHosts" */;
			compatibilityVersion = "Xcode 14.0";
			developmentRegion = en;
			hasScannedForEncodings = 0;
			knownRegions = (
				en,
				Base,
				"zh-Hans",
			);
			mainGroup = BC671AFA2BA1AAD400F9E4B2;
			productRefGroup = BC671B042BA1AAD400F9E4B2 /* Products */;
			projectDirPath = "";
			projectRoot = "";
			targets = (
				BC671B022BA1AAD400F9E4B2 /* NaiveHosts */,
				BC671B152BA1AAD400F9E4B2 /* NaiveHostsTests */,
				BC671B1F2BA1AAD400F9E4B2 /* NaiveHostsUITests */,
			);
		};
/* End PBXProject section */

/* Begin PBXResourcesBuildPhase section */
		BC671B012BA1AAD400F9E4B2 /* Resources */ = {
			isa = PBXResourcesBuildPhase;
			buildActionMask = 2147483647;
			files = (
				BC671B102BA1AAD400F9E4B2 /* Preview Assets.xcassets in Resources */,
				BC671B0D2BA1AAD400F9E4B2 /* Assets.xcassets in Resources */,
			);
			runOnlyForDeploymentPostprocessing = 0;
		};
		BC671B142BA1AAD400F9E4B2 /* Resources */ = {
			isa = PBXResourcesBuildPhase;
			buildActionMask = 2147483647;
			files = (
			);
			runOnlyForDeploymentPostprocessing = 0;
		};
		BC671B1E2BA1AAD400F9E4B2 /* Resources */ = {
			isa = PBXResourcesBuildPhase;
			buildActionMask = 2147483647;
			files = (
			);
			runOnlyForDeploymentPostprocessing = 0;
		};
/* End PBXResourcesBuildPhase section */

/* Begin PBXSourcesBuildPhase section */
		BC671AFF2BA1AAD400F9E4B2 /* Sources */ = {
			isa = PBXSourcesBuildPhase;
			buildActionMask = 2147483647;
			files = (
				BC671B092BA1AAD400F9E4B2 /* ContentView.swift in Sources */,
				BC671B0B2BA1AAD400F9E4B2 /* Item.swift in Sources */,
				BC671B072BA1AAD400F9E4B2 /* NaiveHostsApp.swift in Sources */,
			);
			runOnlyForDeploymentPostprocessing = 0;
		};
		BC671B122BA1AAD400F9E4B2 /* Sources */ = {
			isa = PBXSourcesBuildPhase;
			buildActionMask = 2147483647;
			files = (
				BC671B1B2BA1AAD400F9E4B2 /* NaiveHostsTests.swift in Sources */,
			);
			runOnlyForDeploymentPostprocessing = 0;
		};
		BC671B1C2BA1AAD400F9E4B2 /* Sources */ = {
			isa = PBXSourcesBuildPhase;
			buildActionMask = 2147483647;
			files = (
				BC671B272BA1AAD400F9E4B2 /* NaiveHostsUITestsLaunchTests.swift in Sources */,
				BC671B252BA1AAD400F9E4B2 /* NaiveHostsUITests.swift in Sources */,
			);
			runOnlyForDeploymentPostprocessing = 0;
		};
/* End PBXSourcesBuildPhase section */

/* Begin PBXTargetDependency section */
		BC671B182BA1AAD400F9E4B2 /* PBXTargetDependency */ = {
			isa = PBXTargetDependency;
			target = BC671B022BA1AAD400F9E4B2 /* NaiveHosts */;
			targetProxy = BC671B172BA1AAD400F9E4B2 /* PBXContainerItemProxy */;
		};
		BC671B222BA1AAD400F9E4B2 /* PBXTargetDependency */ = {
			isa = PBXTargetDependency;
			target = BC671B022BA1AAD400F9E4B2 /* NaiveHosts */;
			targetProxy = BC671B212BA1AAD400F9E4B2 /* PBXContainerItemProxy */;
		};
/* End PBXTargetDependency section */

/* Begin XCBuildConfiguration section */
		BC671B282BA1AAD400F9E4B2 /* Debug */ = {
			isa = XCBuildConfiguration;
			buildSettings = {
				ALWAYS_SEARCH_USER_PATHS = NO;
				ASSETCATALOG_COMPILER_GENERATE_SWIFT_ASSET_SYMBOL_EXTENSIONS = YES;
				CLANG_ANALYZER_NONNULL = YES;
				CLANG_ANALYZER_NUMBER_OBJECT_CONVERSION = YES_AGGRESSIVE;
				CLANG_CXX_LANGUAGE_STANDARD = "gnu++20";
				CLANG_ENABLE_MODULES = YES;
				CLANG_ENABLE_OBJC_ARC = YES;
				CLANG_ENABLE_OBJC_WEAK = YES;
				CLANG_WARN_BLOCK_CAPTURE_AUTORELEASING = YES;
				CLANG_WARN_BOOL_CONVERSION = YES;
				CLANG_WARN_COMMA = YES;
				CLANG_WARN_CONSTANT_CONVERSION = YES;
				CLANG_WARN_DEPRECATED_OBJC_IMPLEMENTATIONS = YES;
				CLANG_WARN_DIRECT_OBJC_ISA_USAGE = YES_ERROR;
				CLANG_WARN_DOCUMENTATION_COMMENTS = YES;
				CLANG_WARN_EMPTY_BODY = YES;
				CLANG_WARN_ENUM_CONVERSION = YES;
				CLANG_WARN_INFINITE_RECURSION = YES;
				CLANG_WARN_INT_CONVERSION = YES;
				CLANG_WARN_NON_LITERAL_NULL_CONVERSION = YES;
				CLANG_WARN_OBJC_IMPLICIT_RETAIN_SELF = YES;
				CLANG_WARN_OBJC_LITERAL_CONVERSION = YES;
				CLANG_WARN_OBJC_ROOT_CLASS = YES_ERROR;
				CLANG_WARN_QUOTED_INCLUDE_IN_FRAMEWORK_HEADER = YES;
				CLANG_WARN_RANGE_LOOP_ANALYSIS = YES;
				CLANG_WARN_STRICT_PROTOTYPES = YES;
				CLANG_WARN_SUSPICIOUS_MOVE = YES;
				CLANG_WARN_UNGUARDED_AVAILABILITY = YES_AGGRESSIVE;
				CLANG_WARN_UNREACHABLE_CODE = YES;
				CLANG_WARN__DUPLICATE_METHOD_MATCH = YES;
				COPY_PHASE_STRIP = NO;
				DEBUG_INFORMATION_FORMAT = dwarf;
				ENABLE_STRICT_OBJC_MSGSEND = YES;
				ENABLE_TESTABILITY = YES;
				ENABLE_USER_SCRIPT_SANDBOXING = YES;
				GCC_C_LANGUAGE_STANDARD = gnu17;
				GCC_DYNAMIC_NO_PIC = NO;
				GCC_NO_COMMON_BLOCKS = YES;
				GCC_OPTIMIZATION_LEVEL = 0;
				GCC_PREPROCESSOR_DEFINITIONS = (
					"DEBUG=1",
					"$(inherited)",
				);
				GCC_WARN_64_TO_32_BIT_CONVERSION = YES;
				GCC_WARN_ABOUT_RETURN_TYPE = YES_ERROR;
				GCC_WARN_UNDECLARED_SELECTOR = YES;
				GCC_WARN_UNINITIALIZED_AUTOS = YES_AGGRESSIVE;
				GCC_WARN_UNUSED_FUNCTION = YES;
				GCC_WARN_UNUSED_VARIABLE = YES;
				LOCALIZATION_PREFERS_STRING_CATALOGS = YES;
				MACOSX_DEPLOYMENT_TARGET = 14.3;
				MTL_ENABLE_DEBUG_INFO = INCLUDE_SOURCE;
				MTL_FAST_MATH = YES;
				ONLY_ACTIVE_ARCH = YES;
				SDKROOT = macosx;
				SWIFT_ACTIVE_COMPILATION_CONDITIONS = "DEBUG $(inherited)";
				SWIFT_OPTIMIZATION_LEVEL = "-Onone";
			};
			name = Debug;
		};
		BC671B292BA1AAD400F9E4B2 /* Release */ = {
			isa = XCBuildConfiguration;
			buildSettings = {
				ALWAYS_SEARCH_USER_PATHS = NO;
				ASSETCATALOG_COMPILER_GENERATE_SWIFT_ASSET_SYMBOL_EXTENSIONS = YES;
				CLANG_ANALYZER_NONNULL = YES;
				CLANG_ANALYZER_NUMBER_OBJECT_CONVERSION = YES_AGGRESSIVE;
				CLANG_CXX_LANGUAGE_STANDARD = "gnu++20";
				CLANG_ENABLE_MODULES = YES;
				CLANG_ENABLE_OBJC_ARC = YES;
				CLANG_ENABLE_OBJC_WEAK = YES;
				CLANG_WARN_BLOCK_CAPTURE_AUTORELEASING = YES;
				CLANG_WARN_BOOL_CONVERSION = YES;
				CLANG_WARN_COMMA = YES;
				CLANG_WARN_CONSTANT_CONVERSION = YES;
				CLANG_WARN_DEPRECATED_OBJC_IMPLEMENTATIONS = YES;
				CLANG_WARN_DIRECT_OBJC_ISA_USAGE = YES_ERROR;
				CLANG_WARN_DOCUMENTATION_COMMENTS = YES;
				CLANG_WARN_EMPTY_BODY = YES;
				CLANG_WARN_ENUM_CONVERSION = YES;
				CLANG_WARN_INFINITE_RECURSION = YES;
				CLANG_WARN_INT_CONVERSION = YES;
				CLANG_WARN_NON_LITERAL_NULL_CONVERSION = YES;
				CLANG_WARN_OBJC_IMPLICIT_RETAIN_SELF = YES;
				CLANG_WARN_OBJC_LITERAL_CONVERSION = YES;
				CLANG_WARN_OBJC_ROOT_CLASS = YES_ERROR;
				CLANG_WARN_QUOTED_INCLUDE_IN_FRAMEWORK_HEADER = YES;
				CLANG_WARN_RANGE_LOOP_ANALYSIS = YES;
				CLANG_WARN_STRICT_PROTOTYPES = YES;
				CLANG_WARN_SUSPICIOUS_MOVE = YES;
				CLANG_WARN_UNGUARDED_AVAILABILITY = YES_AGGRESSIVE;
				CLANG_WARN_UNREACHABLE_CODE = YES;
				CLANG_WARN__DUPLICATE_METHOD_MATCH = YES;
				COPY_PHASE_STRIP = NO;
				DEBUG_INFORMATION_FORMAT = "dwarf-with-dsym";
				ENABLE_NS_ASSERTIONS = NO;
				ENABLE_STRICT_OBJC_MSGSEND = YES;
				ENABLE_USER_SCRIPT_SANDBOXING = YES;
				GCC_C_LANGUAGE_STANDARD = gnu17;
				GCC_NO_COMMON_BLOCKS = YES;
				GCC_WARN_64_TO_32_BIT_CONVERSION = YES;
				GCC_WARN_ABOUT_RETURN_TYPE = YES_ERROR;
				GCC_WARN_UNDECLARED_SELECTOR = YES;
				GCC_WARN_UNINITIALIZED_AUTOS = YES_AGGRESSIVE;
				GCC_WARN_UNUSED_FUNCTION = YES;
				GCC_WARN_UNUSED_VARIABLE = YES;
				LOCALIZATION_PREFERS_STRING_CATALOGS = YES;
				MACOSX_DEPLOYMENT_TARGET = 14.3;
				MTL_ENABLE_DEBUG_INFO = NO;
				MTL_FAST_MATH = YES;
				SDKROOT = macosx;
				SWIFT_COMPILATION_MODE = wholemodule;
			};
			name = Release;
		};
		BC671B2B2BA1AAD400F9E4B2 /* Debug */ = {
			isa = XCBuildConfiguration;
			buildSettings = {
				ASSETCATALOG_COMPILER_APPICON_NAME = AppIcon;
				ASSETCATALOG_COMPILER_GLOBAL_ACCENT_COLOR_NAME = AccentColor;
				CODE_SIGN_ENTITLEMENTS = NaiveHosts/NaiveHosts.entitlements;
				CODE_SIGN_STYLE = Automatic;
				COMBINE_HIDPI_IMAGES = YES;
				CURRENT_PROJECT_VERSION = 1;
				DEVELOPMENT_ASSET_PATHS = "\"NaiveHosts/Preview Content\"";
				DEVELOPMENT_TEAM = 6W5AD72S94;
				ENABLE_HARDENED_RUNTIME = YES;
				ENABLE_PREVIEWS = YES;
				GENERATE_INFOPLIST_FILE = YES;
				INFOPLIST_KEY_NSHumanReadableCopyright = "";
				LD_RUNPATH_SEARCH_PATHS = (
					"$(inherited)",
					"@executable_path/../Frameworks",
				);
				MACOSX_DEPLOYMENT_TARGET = 14.0;
				MARKETING_VERSION = 1.0;
				PRODUCT_BUNDLE_IDENTIFIER = me.guoyunhe.NaiveHosts;
				PRODUCT_NAME = "$(TARGET_NAME)";
				SWIFT_EMIT_LOC_STRINGS = YES;
				SWIFT_VERSION = 5.0;
			};
			name = Debug;
		};
		BC671B2C2BA1AAD400F9E4B2 /* Release */ = {
			isa = XCBuildConfiguration;
			buildSettings = {
				ASSETCATALOG_COMPILER_APPICON_NAME = AppIcon;
				ASSETCATALOG_COMPILER_GLOBAL_ACCENT_COLOR_NAME = AccentColor;
				CODE_SIGN_ENTITLEMENTS = NaiveHosts/NaiveHosts.entitlements;
				CODE_SIGN_STYLE = Automatic;
				COMBINE_HIDPI_IMAGES = YES;
				CURRENT_PROJECT_VERSION = 1;
				DEVELOPMENT_ASSET_PATHS = "\"NaiveHosts/Preview Content\"";
				DEVELOPMENT_TEAM = 6W5AD72S94;
				ENABLE_HARDENED_RUNTIME = YES;
				ENABLE_PREVIEWS = YES;
				GENERATE_INFOPLIST_FILE = YES;
				INFOPLIST_KEY_NSHumanReadableCopyright = "";
				LD_RUNPATH_SEARCH_PATHS = (
					"$(inherited)",
					"@executable_path/../Frameworks",
				);
				MACOSX_DEPLOYMENT_TARGET = 14.0;
				MARKETING_VERSION = 1.0;
				PRODUCT_BUNDLE_IDENTIFIER = me.guoyunhe.NaiveHosts;
				PRODUCT_NAME = "$(TARGET_NAME)";
				SWIFT_EMIT_LOC_STRINGS = YES;
				SWIFT_VERSION = 5.0;
			};
			name = Release;
		};
		BC671B2E2BA1AAD400F9E4B2 /* Debug */ = {
			isa = XCBuildConfiguration;
			buildSettings = {
				ALWAYS_EMBED_SWIFT_STANDARD_LIBRARIES = YES;
				BUNDLE_LOADER = "$(TEST_HOST)";
				CODE_SIGN_STYLE = Automatic;
				CURRENT_PROJECT_VERSION = 1;
				DEVELOPMENT_TEAM = 6W5AD72S94;
				GENERATE_INFOPLIST_FILE = YES;
				MACOSX_DEPLOYMENT_TARGET = 14.0;
				MARKETING_VERSION = 1.0;
				PRODUCT_BUNDLE_IDENTIFIER = me.guoyunhe.NaiveHostsTests;
				PRODUCT_NAME = "$(TARGET_NAME)";
				SWIFT_EMIT_LOC_STRINGS = NO;
				SWIFT_VERSION = 5.0;
				TEST_HOST = "$(BUILT_PRODUCTS_DIR)/NaiveHosts.app/$(BUNDLE_EXECUTABLE_FOLDER_PATH)/NaiveHosts";
			};
			name = Debug;
		};
		BC671B2F2BA1AAD400F9E4B2 /* Release */ = {
			isa = XCBuildConfiguration;
			buildSettings = {
				ALWAYS_EMBED_SWIFT_STANDARD_LIBRARIES = YES;
				BUNDLE_LOADER = "$(TEST_HOST)";
				CODE_SIGN_STYLE = Automatic;
				CURRENT_PROJECT_VERSION = 1;
				DEVELOPMENT_TEAM = 6W5AD72S94;
				GENERATE_INFOPLIST_FILE = YES;
				MACOSX_DEPLOYMENT_TARGET = 14.0;
				MARKETING_VERSION = 1.0;
				PRODUCT_BUNDLE_IDENTIFIER = me.guoyunhe.NaiveHostsTests;
				PRODUCT_NAME = "$(TARGET_NAME)";
				SWIFT_EMIT_LOC_STRINGS = NO;
				SWIFT_VERSION = 5.0;
				TEST_HOST = "$(BUILT_PRODUCTS_DIR)/NaiveHosts.app/$(BUNDLE_EXECUTABLE_FOLDER_PATH)/NaiveHosts";
			};
			name = Release;
		};
		BC671B312BA1AAD400F9E4B2 /* Debug */ = {
			isa = XCBuildConfiguration;
			buildSettings = {
				ALWAYS_EMBED_SWIFT_STANDARD_LIBRARIES = YES;
				CODE_SIGN_STYLE = Automatic;
				CURRENT_PROJECT_VERSION = 1;
				DEVELOPMENT_TEAM = 6W5AD72S94;
				GENERATE_INFOPLIST_FILE = YES;
				MARKETING_VERSION = 1.0;
				PRODUCT_BUNDLE_IDENTIFIER = me.guoyunhe.NaiveHostsUITests;
				PRODUCT_NAME = "$(TARGET_NAME)";
				SWIFT_EMIT_LOC_STRINGS = NO;
				SWIFT_VERSION = 5.0;
				TEST_TARGET_NAME = NaiveHosts;
			};
			name = Debug;
		};
		BC671B322BA1AAD400F9E4B2 /* Release */ = {
			isa = XCBuildConfiguration;
			buildSettings = {
				ALWAYS_EMBED_SWIFT_STANDARD_LIBRARIES = YES;
				CODE_SIGN_STYLE = Automatic;
				CURRENT_PROJECT_VERSION = 1;
				DEVELOPMENT_TEAM = 6W5AD72S94;
				GENERATE_INFOPLIST_FILE = YES;
				MARKETING_VERSION = 1.0;
				PRODUCT_BUNDLE_IDENTIFIER = me.guoyunhe.NaiveHostsUITests;
				PRODUCT_NAME = "$(TARGET_NAME)";
				SWIFT_EMIT_LOC_STRINGS = NO;
				SWIFT_VERSION = 5.0;
				TEST_TARGET_NAME = NaiveHosts;
			};
			name = Release;
		};
/* End XCBuildConfiguration section */

/* Begin XCConfigurationList section */
		BC671AFE2BA1AAD400F9E4B2 /* Build configuration list for PBXProject "NaiveHosts" */ = {
			isa = XCConfigurationList;
			buildConfigurations = (
				BC671B282BA1AAD400F9E4B2 /* Debug */,
				BC671B292BA1AAD400F9E4B2 /* Release */,
			);
			defaultConfigurationIsVisible = 0;
			defaultConfigurationName = Release;
		};
		BC671B2A2BA1AAD400F9E4B2 /* Build configuration list for PBXNativeTarget "NaiveHosts" */ = {
			isa = XCConfigurationList;
			buildConfigurations = (
				BC671B2B2BA1AAD400F9E4B2 /* Debug */,
				BC671B2C2BA1AAD400F9E4B2 /* Release */,
			);
			defaultConfigurationIsVisible = 0;
			defaultConfigurationName = Release;
		};
		BC671B2D2BA1AAD400F9E4B2 /* Build configuration list for PBXNativeTarget "NaiveHostsTests" */ = {
			isa = XCConfigurationList;
			buildConfigurations = (
				BC671B2E2BA1AAD400F9E4B2 /* Debug */,
				BC671B2F2BA1AAD400F9E4B2 /* Release */,
			);
			defaultConfigurationIsVisible = 0;
			defaultConfigurationName = Release;
		};
		BC671B302BA1AAD400F9E4B2 /* Build configuration list for PBXNativeTarget "NaiveHostsUITests" */ = {
			isa = XCConfigurationList;
			buildConfigurations = (
				BC671B312BA1AAD400F9E4B2 /* Debug */,
				BC671B322BA1AAD400F9E4B2 /* Release */,
			);
			defaultConfigurationIsVisible = 0;
			defaultConfigurationName = Release;
		};
/* End XCConfigurationList section */
	};
	rootObject = BC671AFB2BA1AAD400F9E4B2 /* Project object */;
}
