// !$*UTF8*$!
{
	archiveVersion = 1;
	classes = {
	};
	objectVersion = 56;
	objects = {

/* Begin PBXBuildFile section */
		BC0548CF2BA1A47B0092BB2F /* naive_hostsApp.swift in Sources */ = {isa = PBXBuildFile; fileRef = BC0548CE2BA1A47B0092BB2F /* naive_hostsApp.swift */; };
		BC0548D12BA1A47B0092BB2F /* ContentView.swift in Sources */ = {isa = PBXBuildFile; fileRef = BC0548D02BA1A47B0092BB2F /* ContentView.swift */; };
		BC0548D32BA1A47B0092BB2F /* Item.swift in Sources */ = {isa = PBXBuildFile; fileRef = BC0548D22BA1A47B0092BB2F /* Item.swift */; };
		BC0548D52BA1A47C0092BB2F /* Assets.xcassets in Resources */ = {isa = PBXBuildFile; fileRef = BC0548D42BA1A47C0092BB2F /* Assets.xcassets */; };
		BC0548D82BA1A47C0092BB2F /* Preview Assets.xcassets in Resources */ = {isa = PBXBuildFile; fileRef = BC0548D72BA1A47C0092BB2F /* Preview Assets.xcassets */; };
		BC0548E32BA1A47C0092BB2F /* naive_hostsTests.swift in Sources */ = {isa = PBXBuildFile; fileRef = BC0548E22BA1A47C0092BB2F /* naive_hostsTests.swift */; };
		BC0548ED2BA1A47C0092BB2F /* naive_hostsUITests.swift in Sources */ = {isa = PBXBuildFile; fileRef = BC0548EC2BA1A47C0092BB2F /* naive_hostsUITests.swift */; };
		BC0548EF2BA1A47C0092BB2F /* naive_hostsUITestsLaunchTests.swift in Sources */ = {isa = PBXBuildFile; fileRef = BC0548EE2BA1A47C0092BB2F /* naive_hostsUITestsLaunchTests.swift */; };
/* End PBXBuildFile section */

/* Begin PBXContainerItemProxy section */
		BC0548DF2BA1A47C0092BB2F /* PBXContainerItemProxy */ = {
			isa = PBXContainerItemProxy;
			containerPortal = BC0548C32BA1A47B0092BB2F /* Project object */;
			proxyType = 1;
			remoteGlobalIDString = BC0548CA2BA1A47B0092BB2F;
			remoteInfo = "naive-hosts";
		};
		BC0548E92BA1A47C0092BB2F /* PBXContainerItemProxy */ = {
			isa = PBXContainerItemProxy;
			containerPortal = BC0548C32BA1A47B0092BB2F /* Project object */;
			proxyType = 1;
			remoteGlobalIDString = BC0548CA2BA1A47B0092BB2F;
			remoteInfo = "naive-hosts";
		};
/* End PBXContainerItemProxy section */

/* Begin PBXFileReference section */
		BC0548CB2BA1A47B0092BB2F /* naive-hosts.app */ = {isa = PBXFileReference; explicitFileType = wrapper.application; includeInIndex = 0; path = "naive-hosts.app"; sourceTree = BUILT_PRODUCTS_DIR; };
		BC0548CE2BA1A47B0092BB2F /* naive_hostsApp.swift */ = {isa = PBXFileReference; lastKnownFileType = sourcecode.swift; path = naive_hostsApp.swift; sourceTree = "<group>"; };
		BC0548D02BA1A47B0092BB2F /* ContentView.swift */ = {isa = PBXFileReference; lastKnownFileType = sourcecode.swift; path = ContentView.swift; sourceTree = "<group>"; };
		BC0548D22BA1A47B0092BB2F /* Item.swift */ = {isa = PBXFileReference; lastKnownFileType = sourcecode.swift; path = Item.swift; sourceTree = "<group>"; };
		BC0548D42BA1A47C0092BB2F /* Assets.xcassets */ = {isa = PBXFileReference; lastKnownFileType = folder.assetcatalog; path = Assets.xcassets; sourceTree = "<group>"; };
		BC0548D72BA1A47C0092BB2F /* Preview Assets.xcassets */ = {isa = PBXFileReference; lastKnownFileType = folder.assetcatalog; path = "Preview Assets.xcassets"; sourceTree = "<group>"; };
		BC0548D92BA1A47C0092BB2F /* naive_hosts.entitlements */ = {isa = PBXFileReference; lastKnownFileType = text.plist.entitlements; path = naive_hosts.entitlements; sourceTree = "<group>"; };
		BC0548DE2BA1A47C0092BB2F /* naive-hostsTests.xctest */ = {isa = PBXFileReference; explicitFileType = wrapper.cfbundle; includeInIndex = 0; path = "naive-hostsTests.xctest"; sourceTree = BUILT_PRODUCTS_DIR; };
		BC0548E22BA1A47C0092BB2F /* naive_hostsTests.swift */ = {isa = PBXFileReference; lastKnownFileType = sourcecode.swift; path = naive_hostsTests.swift; sourceTree = "<group>"; };
		BC0548E82BA1A47C0092BB2F /* naive-hostsUITests.xctest */ = {isa = PBXFileReference; explicitFileType = wrapper.cfbundle; includeInIndex = 0; path = "naive-hostsUITests.xctest"; sourceTree = BUILT_PRODUCTS_DIR; };
		BC0548EC2BA1A47C0092BB2F /* naive_hostsUITests.swift */ = {isa = PBXFileReference; lastKnownFileType = sourcecode.swift; path = naive_hostsUITests.swift; sourceTree = "<group>"; };
		BC0548EE2BA1A47C0092BB2F /* naive_hostsUITestsLaunchTests.swift */ = {isa = PBXFileReference; lastKnownFileType = sourcecode.swift; path = naive_hostsUITestsLaunchTests.swift; sourceTree = "<group>"; };
/* End PBXFileReference section */

/* Begin PBXFrameworksBuildPhase section */
		BC0548C82BA1A47B0092BB2F /* Frameworks */ = {
			isa = PBXFrameworksBuildPhase;
			buildActionMask = 2147483647;
			files = (
			);
			runOnlyForDeploymentPostprocessing = 0;
		};
		BC0548DB2BA1A47C0092BB2F /* Frameworks */ = {
			isa = PBXFrameworksBuildPhase;
			buildActionMask = 2147483647;
			files = (
			);
			runOnlyForDeploymentPostprocessing = 0;
		};
		BC0548E52BA1A47C0092BB2F /* Frameworks */ = {
			isa = PBXFrameworksBuildPhase;
			buildActionMask = 2147483647;
			files = (
			);
			runOnlyForDeploymentPostprocessing = 0;
		};
/* End PBXFrameworksBuildPhase section */

/* Begin PBXGroup section */
		BC0548C22BA1A47B0092BB2F = {
			isa = PBXGroup;
			children = (
				BC0548CD2BA1A47B0092BB2F /* naive-hosts */,
				BC0548E12BA1A47C0092BB2F /* naive-hostsTests */,
				BC0548EB2BA1A47C0092BB2F /* naive-hostsUITests */,
				BC0548CC2BA1A47B0092BB2F /* Products */,
			);
			sourceTree = "<group>";
		};
		BC0548CC2BA1A47B0092BB2F /* Products */ = {
			isa = PBXGroup;
			children = (
				BC0548CB2BA1A47B0092BB2F /* naive-hosts.app */,
				BC0548DE2BA1A47C0092BB2F /* naive-hostsTests.xctest */,
				BC0548E82BA1A47C0092BB2F /* naive-hostsUITests.xctest */,
			);
			name = Products;
			sourceTree = "<group>";
		};
		BC0548CD2BA1A47B0092BB2F /* naive-hosts */ = {
			isa = PBXGroup;
			children = (
				BC0548CE2BA1A47B0092BB2F /* naive_hostsApp.swift */,
				BC0548D02BA1A47B0092BB2F /* ContentView.swift */,
				BC0548D22BA1A47B0092BB2F /* Item.swift */,
				BC0548D42BA1A47C0092BB2F /* Assets.xcassets */,
				BC0548D92BA1A47C0092BB2F /* naive_hosts.entitlements */,
				BC0548D62BA1A47C0092BB2F /* Preview Content */,
			);
			path = "naive-hosts";
			sourceTree = "<group>";
		};
		BC0548D62BA1A47C0092BB2F /* Preview Content */ = {
			isa = PBXGroup;
			children = (
				BC0548D72BA1A47C0092BB2F /* Preview Assets.xcassets */,
			);
			path = "Preview Content";
			sourceTree = "<group>";
		};
		BC0548E12BA1A47C0092BB2F /* naive-hostsTests */ = {
			isa = PBXGroup;
			children = (
				BC0548E22BA1A47C0092BB2F /* naive_hostsTests.swift */,
			);
			path = "naive-hostsTests";
			sourceTree = "<group>";
		};
		BC0548EB2BA1A47C0092BB2F /* naive-hostsUITests */ = {
			isa = PBXGroup;
			children = (
				BC0548EC2BA1A47C0092BB2F /* naive_hostsUITests.swift */,
				BC0548EE2BA1A47C0092BB2F /* naive_hostsUITestsLaunchTests.swift */,
			);
			path = "naive-hostsUITests";
			sourceTree = "<group>";
		};
/* End PBXGroup section */

/* Begin PBXNativeTarget section */
		BC0548CA2BA1A47B0092BB2F /* naive-hosts */ = {
			isa = PBXNativeTarget;
			buildConfigurationList = BC0548F22BA1A47C0092BB2F /* Build configuration list for PBXNativeTarget "naive-hosts" */;
			buildPhases = (
				BC0548C72BA1A47B0092BB2F /* Sources */,
				BC0548C82BA1A47B0092BB2F /* Frameworks */,
				BC0548C92BA1A47B0092BB2F /* Resources */,
			);
			buildRules = (
			);
			dependencies = (
			);
			name = "naive-hosts";
			productName = "naive-hosts";
			productReference = BC0548CB2BA1A47B0092BB2F /* naive-hosts.app */;
			productType = "com.apple.product-type.application";
		};
		BC0548DD2BA1A47C0092BB2F /* naive-hostsTests */ = {
			isa = PBXNativeTarget;
			buildConfigurationList = BC0548F52BA1A47C0092BB2F /* Build configuration list for PBXNativeTarget "naive-hostsTests" */;
			buildPhases = (
				BC0548DA2BA1A47C0092BB2F /* Sources */,
				BC0548DB2BA1A47C0092BB2F /* Frameworks */,
				BC0548DC2BA1A47C0092BB2F /* Resources */,
			);
			buildRules = (
			);
			dependencies = (
				BC0548E02BA1A47C0092BB2F /* PBXTargetDependency */,
			);
			name = "naive-hostsTests";
			productName = "naive-hostsTests";
			productReference = BC0548DE2BA1A47C0092BB2F /* naive-hostsTests.xctest */;
			productType = "com.apple.product-type.bundle.unit-test";
		};
		BC0548E72BA1A47C0092BB2F /* naive-hostsUITests */ = {
			isa = PBXNativeTarget;
			buildConfigurationList = BC0548F82BA1A47C0092BB2F /* Build configuration list for PBXNativeTarget "naive-hostsUITests" */;
			buildPhases = (
				BC0548E42BA1A47C0092BB2F /* Sources */,
				BC0548E52BA1A47C0092BB2F /* Frameworks */,
				BC0548E62BA1A47C0092BB2F /* Resources */,
			);
			buildRules = (
			);
			dependencies = (
				BC0548EA2BA1A47C0092BB2F /* PBXTargetDependency */,
			);
			name = "naive-hostsUITests";
			productName = "naive-hostsUITests";
			productReference = BC0548E82BA1A47C0092BB2F /* naive-hostsUITests.xctest */;
			productType = "com.apple.product-type.bundle.ui-testing";
		};
/* End PBXNativeTarget section */

/* Begin PBXProject section */
		BC0548C32BA1A47B0092BB2F /* Project object */ = {
			isa = PBXProject;
			attributes = {
				BuildIndependentTargetsInParallel = 1;
				LastSwiftUpdateCheck = 1530;
				LastUpgradeCheck = 1530;
				TargetAttributes = {
					BC0548CA2BA1A47B0092BB2F = {
						CreatedOnToolsVersion = 15.3;
					};
					BC0548DD2BA1A47C0092BB2F = {
						CreatedOnToolsVersion = 15.3;
						TestTargetID = BC0548CA2BA1A47B0092BB2F;
					};
					BC0548E72BA1A47C0092BB2F = {
						CreatedOnToolsVersion = 15.3;
						TestTargetID = BC0548CA2BA1A47B0092BB2F;
					};
				};
			};
			buildConfigurationList = BC0548C62BA1A47B0092BB2F /* Build configuration list for PBXProject "naive-hosts" */;
			compatibilityVersion = "Xcode 14.0";
			developmentRegion = en;
			hasScannedForEncodings = 0;
			knownRegions = (
				en,
				Base,
			);
			mainGroup = BC0548C22BA1A47B0092BB2F;
			productRefGroup = BC0548CC2BA1A47B0092BB2F /* Products */;
			projectDirPath = "";
			projectRoot = "";
			targets = (
				BC0548CA2BA1A47B0092BB2F /* naive-hosts */,
				BC0548DD2BA1A47C0092BB2F /* naive-hostsTests */,
				BC0548E72BA1A47C0092BB2F /* naive-hostsUITests */,
			);
		};
/* End PBXProject section */

/* Begin PBXResourcesBuildPhase section */
		BC0548C92BA1A47B0092BB2F /* Resources */ = {
			isa = PBXResourcesBuildPhase;
			buildActionMask = 2147483647;
			files = (
				BC0548D82BA1A47C0092BB2F /* Preview Assets.xcassets in Resources */,
				BC0548D52BA1A47C0092BB2F /* Assets.xcassets in Resources */,
			);
			runOnlyForDeploymentPostprocessing = 0;
		};
		BC0548DC2BA1A47C0092BB2F /* Resources */ = {
			isa = PBXResourcesBuildPhase;
			buildActionMask = 2147483647;
			files = (
			);
			runOnlyForDeploymentPostprocessing = 0;
		};
		BC0548E62BA1A47C0092BB2F /* Resources */ = {
			isa = PBXResourcesBuildPhase;
			buildActionMask = 2147483647;
			files = (
			);
			runOnlyForDeploymentPostprocessing = 0;
		};
/* End PBXResourcesBuildPhase section */

/* Begin PBXSourcesBuildPhase section */
		BC0548C72BA1A47B0092BB2F /* Sources */ = {
			isa = PBXSourcesBuildPhase;
			buildActionMask = 2147483647;
			files = (
				BC0548D12BA1A47B0092BB2F /* ContentView.swift in Sources */,
				BC0548D32BA1A47B0092BB2F /* Item.swift in Sources */,
				BC0548CF2BA1A47B0092BB2F /* naive_hostsApp.swift in Sources */,
			);
			runOnlyForDeploymentPostprocessing = 0;
		};
		BC0548DA2BA1A47C0092BB2F /* Sources */ = {
			isa = PBXSourcesBuildPhase;
			buildActionMask = 2147483647;
			files = (
				BC0548E32BA1A47C0092BB2F /* naive_hostsTests.swift in Sources */,
			);
			runOnlyForDeploymentPostprocessing = 0;
		};
		BC0548E42BA1A47C0092BB2F /* Sources */ = {
			isa = PBXSourcesBuildPhase;
			buildActionMask = 2147483647;
			files = (
				BC0548EF2BA1A47C0092BB2F /* naive_hostsUITestsLaunchTests.swift in Sources */,
				BC0548ED2BA1A47C0092BB2F /* naive_hostsUITests.swift in Sources */,
			);
			runOnlyForDeploymentPostprocessing = 0;
		};
/* End PBXSourcesBuildPhase section */

/* Begin PBXTargetDependency section */
		BC0548E02BA1A47C0092BB2F /* PBXTargetDependency */ = {
			isa = PBXTargetDependency;
			target = BC0548CA2BA1A47B0092BB2F /* naive-hosts */;
			targetProxy = BC0548DF2BA1A47C0092BB2F /* PBXContainerItemProxy */;
		};
		BC0548EA2BA1A47C0092BB2F /* PBXTargetDependency */ = {
			isa = PBXTargetDependency;
			target = BC0548CA2BA1A47B0092BB2F /* naive-hosts */;
			targetProxy = BC0548E92BA1A47C0092BB2F /* PBXContainerItemProxy */;
		};
/* End PBXTargetDependency section */

/* Begin XCBuildConfiguration section */
		BC0548F02BA1A47C0092BB2F /* Debug */ = {
			isa = XCBuildConfiguration;
			buildSettings = {
				ALWAYS_SEARCH_USER_PATHS = NO;
				ASSETCATALOG_COMPILER_GENERATE_SWIFT_ASSET_SYMBOL_EXTENSIONS = YES;
				CLANG_ANALYZER_NONNULL = YES;
				CLANG_ANALYZER_NUMBER_OBJECT_CONVERSION = YES_AGGRESSIVE;
				CLANG_CXX_LANGUAGE_STANDARD = "gnu++20";
				CLANG_ENABLE_MODULES = YES;
				CLANG_ENABLE_OBJC_ARC = YES;
				CLANG_ENABLE_OBJC_WEAK = YES;
				CLANG_WARN_BLOCK_CAPTURE_AUTORELEASING = YES;
				CLANG_WARN_BOOL_CONVERSION = YES;
				CLANG_WARN_COMMA = YES;
				CLANG_WARN_CONSTANT_CONVERSION = YES;
				CLANG_WARN_DEPRECATED_OBJC_IMPLEMENTATIONS = YES;
				CLANG_WARN_DIRECT_OBJC_ISA_USAGE = YES_ERROR;
				CLANG_WARN_DOCUMENTATION_COMMENTS = YES;
				CLANG_WARN_EMPTY_BODY = YES;
				CLANG_WARN_ENUM_CONVERSION = YES;
				CLANG_WARN_INFINITE_RECURSION = YES;
				CLANG_WARN_INT_CONVERSION = YES;
				CLANG_WARN_NON_LITERAL_NULL_CONVERSION = YES;
				CLANG_WARN_OBJC_IMPLICIT_RETAIN_SELF = YES;
				CLANG_WARN_OBJC_LITERAL_CONVERSION = YES;
				CLANG_WARN_OBJC_ROOT_CLASS = YES_ERROR;
				CLANG_WARN_QUOTED_INCLUDE_IN_FRAMEWORK_HEADER = YES;
				CLANG_WARN_RANGE_LOOP_ANALYSIS = YES;
				CLANG_WARN_STRICT_PROTOTYPES = YES;
				CLANG_WARN_SUSPICIOUS_MOVE = YES;
				CLANG_WARN_UNGUARDED_AVAILABILITY = YES_AGGRESSIVE;
				CLANG_WARN_UNREACHABLE_CODE = YES;
				CLANG_WARN__DUPLICATE_METHOD_MATCH = YES;
				COPY_PHASE_STRIP = NO;
				DEBUG_INFORMATION_FORMAT = dwarf;
				ENABLE_STRICT_OBJC_MSGSEND = YES;
				ENABLE_TESTABILITY = YES;
				ENABLE_USER_SCRIPT_SANDBOXING = YES;
				GCC_C_LANGUAGE_STANDARD = gnu17;
				GCC_DYNAMIC_NO_PIC = NO;
				GCC_NO_COMMON_BLOCKS = YES;
				GCC_OPTIMIZATION_LEVEL = 0;
				GCC_PREPROCESSOR_DEFINITIONS = (
					"DEBUG=1",
					"$(inherited)",
				);
				GCC_WARN_64_TO_32_BIT_CONVERSION = YES;
				GCC_WARN_ABOUT_RETURN_TYPE = YES_ERROR;
				GCC_WARN_UNDECLARED_SELECTOR = YES;
				GCC_WARN_UNINITIALIZED_AUTOS = YES_AGGRESSIVE;
				GCC_WARN_UNUSED_FUNCTION = YES;
				GCC_WARN_UNUSED_VARIABLE = YES;
				LOCALIZATION_PREFERS_STRING_CATALOGS = YES;
				MACOSX_DEPLOYMENT_TARGET = 14.3;
				MTL_ENABLE_DEBUG_INFO = INCLUDE_SOURCE;
				MTL_FAST_MATH = YES;
				ONLY_ACTIVE_ARCH = YES;
				SDKROOT = macosx;
				SWIFT_ACTIVE_COMPILATION_CONDITIONS = "DEBUG $(inherited)";
				SWIFT_OPTIMIZATION_LEVEL = "-Onone";
			};
			name = Debug;
		};
		BC0548F12BA1A47C0092BB2F /* Release */ = {
			isa = XCBuildConfiguration;
			buildSettings = {
				ALWAYS_SEARCH_USER_PATHS = NO;
				ASSETCATALOG_COMPILER_GENERATE_SWIFT_ASSET_SYMBOL_EXTENSIONS = YES;
				CLANG_ANALYZER_NONNULL = YES;
				CLANG_ANALYZER_NUMBER_OBJECT_CONVERSION = YES_AGGRESSIVE;
				CLANG_CXX_LANGUAGE_STANDARD = "gnu++20";
				CLANG_ENABLE_MODULES = YES;
				CLANG_ENABLE_OBJC_ARC = YES;
				CLANG_ENABLE_OBJC_WEAK = YES;
				CLANG_WARN_BLOCK_CAPTURE_AUTORELEASING = YES;
				CLANG_WARN_BOOL_CONVERSION = YES;
				CLANG_WARN_COMMA = YES;
				CLANG_WARN_CONSTANT_CONVERSION = YES;
				CLANG_WARN_DEPRECATED_OBJC_IMPLEMENTATIONS = YES;
				CLANG_WARN_DIRECT_OBJC_ISA_USAGE = YES_ERROR;
				CLANG_WARN_DOCUMENTATION_COMMENTS = YES;
				CLANG_WARN_EMPTY_BODY = YES;
				CLANG_WARN_ENUM_CONVERSION = YES;
				CLANG_WARN_INFINITE_RECURSION = YES;
				CLANG_WARN_INT_CONVERSION = YES;
				CLANG_WARN_NON_LITERAL_NULL_CONVERSION = YES;
				CLANG_WARN_OBJC_IMPLICIT_RETAIN_SELF = YES;
				CLANG_WARN_OBJC_LITERAL_CONVERSION = YES;
				CLANG_WARN_OBJC_ROOT_CLASS = YES_ERROR;
				CLANG_WARN_QUOTED_INCLUDE_IN_FRAMEWORK_HEADER = YES;
				CLANG_WARN_RANGE_LOOP_ANALYSIS = YES;
				CLANG_WARN_STRICT_PROTOTYPES = YES;
				CLANG_WARN_SUSPICIOUS_MOVE = YES;
				CLANG_WARN_UNGUARDED_AVAILABILITY = YES_AGGRESSIVE;
				CLANG_WARN_UNREACHABLE_CODE = YES;
				CLANG_WARN__DUPLICATE_METHOD_MATCH = YES;
				COPY_PHASE_STRIP = NO;
				DEBUG_INFORMATION_FORMAT = "dwarf-with-dsym";
				ENABLE_NS_ASSERTIONS = NO;
				ENABLE_STRICT_OBJC_MSGSEND = YES;
				ENABLE_USER_SCRIPT_SANDBOXING = YES;
				GCC_C_LANGUAGE_STANDARD = gnu17;
				GCC_NO_COMMON_BLOCKS = YES;
				GCC_WARN_64_TO_32_BIT_CONVERSION = YES;
				GCC_WARN_ABOUT_RETURN_TYPE = YES_ERROR;
				GCC_WARN_UNDECLARED_SELECTOR = YES;
				GCC_WARN_UNINITIALIZED_AUTOS = YES_AGGRESSIVE;
				GCC_WARN_UNUSED_FUNCTION = YES;
				GCC_WARN_UNUSED_VARIABLE = YES;
				LOCALIZATION_PREFERS_STRING_CATALOGS = YES;
				MACOSX_DEPLOYMENT_TARGET = 14.3;
				MTL_ENABLE_DEBUG_INFO = NO;
				MTL_FAST_MATH = YES;
				SDKROOT = macosx;
				SWIFT_COMPILATION_MODE = wholemodule;
			};
			name = Release;
		};
		BC0548F32BA1A47C0092BB2F /* Debug */ = {
			isa = XCBuildConfiguration;
			buildSettings = {
				ASSETCATALOG_COMPILER_APPICON_NAME = AppIcon;
				ASSETCATALOG_COMPILER_GLOBAL_ACCENT_COLOR_NAME = AccentColor;
				CODE_SIGN_ENTITLEMENTS = "naive-hosts/naive_hosts.entitlements";
				CODE_SIGN_STYLE = Automatic;
				COMBINE_HIDPI_IMAGES = YES;
				CURRENT_PROJECT_VERSION = 1;
				DEVELOPMENT_ASSET_PATHS = "\"naive-hosts/Preview Content\"";
				DEVELOPMENT_TEAM = 6W5AD72S94;
				ENABLE_HARDENED_RUNTIME = YES;
				ENABLE_PREVIEWS = YES;
				GENERATE_INFOPLIST_FILE = YES;
				INFOPLIST_KEY_NSHumanReadableCopyright = "";
				LD_RUNPATH_SEARCH_PATHS = (
					"$(inherited)",
					"@executable_path/../Frameworks",
				);
				MACOSX_DEPLOYMENT_TARGET = 14.0;
				MARKETING_VERSION = 1.0;
				PRODUCT_BUNDLE_IDENTIFIER = "me.guoyunhe.naive-hosts";
				PRODUCT_NAME = "$(TARGET_NAME)";
				SWIFT_EMIT_LOC_STRINGS = YES;
				SWIFT_VERSION = 5.0;
			};
			name = Debug;
		};
		BC0548F42BA1A47C0092BB2F /* Release */ = {
			isa = XCBuildConfiguration;
			buildSettings = {
				ASSETCATALOG_COMPILER_APPICON_NAME = AppIcon;
				ASSETCATALOG_COMPILER_GLOBAL_ACCENT_COLOR_NAME = AccentColor;
				CODE_SIGN_ENTITLEMENTS = "naive-hosts/naive_hosts.entitlements";
				CODE_SIGN_STYLE = Automatic;
				COMBINE_HIDPI_IMAGES = YES;
				CURRENT_PROJECT_VERSION = 1;
				DEVELOPMENT_ASSET_PATHS = "\"naive-hosts/Preview Content\"";
				DEVELOPMENT_TEAM = 6W5AD72S94;
				ENABLE_HARDENED_RUNTIME = YES;
				ENABLE_PREVIEWS = YES;
				GENERATE_INFOPLIST_FILE = YES;
				INFOPLIST_KEY_NSHumanReadableCopyright = "";
				LD_RUNPATH_SEARCH_PATHS = (
					"$(inherited)",
					"@executable_path/../Frameworks",
				);
				MACOSX_DEPLOYMENT_TARGET = 14.0;
				MARKETING_VERSION = 1.0;
				PRODUCT_BUNDLE_IDENTIFIER = "me.guoyunhe.naive-hosts";
				PRODUCT_NAME = "$(TARGET_NAME)";
				SWIFT_EMIT_LOC_STRINGS = YES;
				SWIFT_VERSION = 5.0;
			};
			name = Release;
		};
		BC0548F62BA1A47C0092BB2F /* Debug */ = {
			isa = XCBuildConfiguration;
			buildSettings = {
				ALWAYS_EMBED_SWIFT_STANDARD_LIBRARIES = YES;
				BUNDLE_LOADER = "$(TEST_HOST)";
				CODE_SIGN_STYLE = Automatic;
				CURRENT_PROJECT_VERSION = 1;
				DEVELOPMENT_TEAM = 6W5AD72S94;
				GENERATE_INFOPLIST_FILE = YES;
				MACOSX_DEPLOYMENT_TARGET = 14.0;
				MARKETING_VERSION = 1.0;
				PRODUCT_BUNDLE_IDENTIFIER = "me.guoyunhe.naive-hostsTests";
				PRODUCT_NAME = "$(TARGET_NAME)";
				SWIFT_EMIT_LOC_STRINGS = NO;
				SWIFT_VERSION = 5.0;
				TEST_HOST = "$(BUILT_PRODUCTS_DIR)/naive-hosts.app/$(BUNDLE_EXECUTABLE_FOLDER_PATH)/naive-hosts";
			};
			name = Debug;
		};
		BC0548F72BA1A47C0092BB2F /* Release */ = {
			isa = XCBuildConfiguration;
			buildSettings = {
				ALWAYS_EMBED_SWIFT_STANDARD_LIBRARIES = YES;
				BUNDLE_LOADER = "$(TEST_HOST)";
				CODE_SIGN_STYLE = Automatic;
				CURRENT_PROJECT_VERSION = 1;
				DEVELOPMENT_TEAM = 6W5AD72S94;
				GENERATE_INFOPLIST_FILE = YES;
				MACOSX_DEPLOYMENT_TARGET = 14.0;
				MARKETING_VERSION = 1.0;
				PRODUCT_BUNDLE_IDENTIFIER = "me.guoyunhe.naive-hostsTests";
				PRODUCT_NAME = "$(TARGET_NAME)";
				SWIFT_EMIT_LOC_STRINGS = NO;
				SWIFT_VERSION = 5.0;
				TEST_HOST = "$(BUILT_PRODUCTS_DIR)/naive-hosts.app/$(BUNDLE_EXECUTABLE_FOLDER_PATH)/naive-hosts";
			};
			name = Release;
		};
		BC0548F92BA1A47C0092BB2F /* Debug */ = {
			isa = XCBuildConfiguration;
			buildSettings = {
				ALWAYS_EMBED_SWIFT_STANDARD_LIBRARIES = YES;
				CODE_SIGN_STYLE = Automatic;
				CURRENT_PROJECT_VERSION = 1;
				DEVELOPMENT_TEAM = 6W5AD72S94;
				GENERATE_INFOPLIST_FILE = YES;
				MARKETING_VERSION = 1.0;
				PRODUCT_BUNDLE_IDENTIFIER = "me.guoyunhe.naive-hostsUITests";
				PRODUCT_NAME = "$(TARGET_NAME)";
				SWIFT_EMIT_LOC_STRINGS = NO;
				SWIFT_VERSION = 5.0;
				TEST_TARGET_NAME = "naive-hosts";
			};
			name = Debug;
		};
		BC0548FA2BA1A47C0092BB2F /* Release */ = {
			isa = XCBuildConfiguration;
			buildSettings = {
				ALWAYS_EMBED_SWIFT_STANDARD_LIBRARIES = YES;
				CODE_SIGN_STYLE = Automatic;
				CURRENT_PROJECT_VERSION = 1;
				DEVELOPMENT_TEAM = 6W5AD72S94;
				GENERATE_INFOPLIST_FILE = YES;
				MARKETING_VERSION = 1.0;
				PRODUCT_BUNDLE_IDENTIFIER = "me.guoyunhe.naive-hostsUITests";
				PRODUCT_NAME = "$(TARGET_NAME)";
				SWIFT_EMIT_LOC_STRINGS = NO;
				SWIFT_VERSION = 5.0;
				TEST_TARGET_NAME = "naive-hosts";
			};
			name = Release;
		};
/* End XCBuildConfiguration section */

/* Begin XCConfigurationList section */
		BC0548C62BA1A47B0092BB2F /* Build configuration list for PBXProject "naive-hosts" */ = {
			isa = XCConfigurationList;
			buildConfigurations = (
				BC0548F02BA1A47C0092BB2F /* Debug */,
				BC0548F12BA1A47C0092BB2F /* Release */,
			);
			defaultConfigurationIsVisible = 0;
			defaultConfigurationName = Release;
		};
		BC0548F22BA1A47C0092BB2F /* Build configuration list for PBXNativeTarget "naive-hosts" */ = {
			isa = XCConfigurationList;
			buildConfigurations = (
				BC0548F32BA1A47C0092BB2F /* Debug */,
				BC0548F42BA1A47C0092BB2F /* Release */,
			);
			defaultConfigurationIsVisible = 0;
			defaultConfigurationName = Release;
		};
		BC0548F52BA1A47C0092BB2F /* Build configuration list for PBXNativeTarget "naive-hostsTests" */ = {
			isa = XCConfigurationList;
			buildConfigurations = (
				BC0548F62BA1A47C0092BB2F /* Debug */,
				BC0548F72BA1A47C0092BB2F /* Release */,
			);
			defaultConfigurationIsVisible = 0;
			defaultConfigurationName = Release;
		};
		BC0548F82BA1A47C0092BB2F /* Build configuration list for PBXNativeTarget "naive-hostsUITests" */ = {
			isa = XCConfigurationList;
			buildConfigurations = (
				BC0548F92BA1A47C0092BB2F /* Debug */,
				BC0548FA2BA1A47C0092BB2F /* Release */,
			);
			defaultConfigurationIsVisible = 0;
			defaultConfigurationName = Release;
		};
/* End XCConfigurationList section */
	};
	rootObject = BC0548C32BA1A47B0092BB2F /* Project object */;
}
